
Microsoft Visual Studio Solution File, Format Version 12.00
# Visual Studio Version 16
VisualStudioVersion = 16.0.31515.178
MinimumVisualStudioVersion = 10.0.40219.1
Project("{FAE04EC0-301F-11D3-BF4B-00C04F79EFBC}") = "AirportWebApp", "AirportWebApp\AirportWebApp.csproj", "{FA5AEADB-2843-44F7-BCD4-D7C4BE707319}"
EndProject
Global
	GlobalSection(SolutionConfigurationPlatforms) = preSolution
		Debug|Any CPU = Debug|Any CPU
		Release|Any CPU = Release|Any CPU
	EndGlobalSection
	GlobalSection(ProjectConfigurationPlatforms) = postSolution
		{FA5AEADB-2843-44F7-BCD4-D7C4BE707319}.Debug|Any CPU.ActiveCfg = Debug|Any CPU
		{FA5AEADB-2843-44F7-BCD4-D7C4BE707319}.Debug|Any CPU.Build.0 = Debug|Any CPU
		{FA5AEADB-2843-44F7-BCD4-D7C4BE707319}.Release|Any CPU.ActiveCfg = Release|Any CPU
		{FA5AEADB-2843-44F7-BCD4-D7C4BE707319}.Release|Any CPU.Build.0 = Release|Any CPU
	EndGlobalSection
	GlobalSection(SolutionProperties) = preSolution
		HideSolutionNode = FALSE
	EndGlobalSection
	GlobalSection(ExtensibilityGlobals) = postSolution
		SolutionGuid = {6C919719-D3CE-46F4-8C4C-4B1C2E971F27}
	EndGlobalSection
EndGlobal
